
Microsoft Visual Studio Solution File, Format Version 12.00
# Visual Studio 2013
VisualStudioVersion = 12.0.30501.0
MinimumVisualStudioVersion = 10.0.40219.1
Project("{9092AA53-FB77-4645-B42D-1CCCA6BD08BD}") = "VL-Layout", "VL-Layout\VL-Layout.njsproj", "{8F7D0A19-C437-4F80-BF9A-5D6AA6169AAE}"
EndProject
Global
	GlobalSection(SolutionConfigurationPlatforms) = preSolution
		Debug|Any CPU = Debug|Any CPU
		Release|Any CPU = Release|Any CPU
	EndGlobalSection
	GlobalSection(ProjectConfigurationPlatforms) = postSolution
		{8F7D0A19-C437-4F80-BF9A-5D6AA6169AAE}.Debug|Any CPU.ActiveCfg = Debug|Any CPU
		{8F7D0A19-C437-4F80-BF9A-5D6AA6169AAE}.Debug|Any CPU.Build.0 = Debug|Any CPU
		{8F7D0A19-C437-4F80-BF9A-5D6AA6169AAE}.Release|Any CPU.ActiveCfg = Release|Any CPU
		{8F7D0A19-C437-4F80-BF9A-5D6AA6169AAE}.Release|Any CPU.Build.0 = Release|Any CPU
	EndGlobalSection
	GlobalSection(SolutionProperties) = preSolution
		HideSolutionNode = FALSE
	EndGlobalSection
EndGlobal
